// !$*UTF8*$!
{
	archiveVersion = 1;
	classes = {
	};
	objectVersion = 51;
	objects = {

/* Begin PBXBuildFile section */
		0CD7D305F61A1DC22A25B4AF /* Pods_freechat_swift.framework in Frameworks */ = {isa = PBXBuildFile; fileRef = F0AA74EE10F18FAB793D9E61 /* Pods_freechat_swift.framework */; };
		E97991CE2186F7A700436B73 /* ContactTableViewCell.swift in Sources */ = {isa = PBXBuildFile; fileRef = E97991CD2186F7A700436B73 /* ContactTableViewCell.swift */; };
		E97EDB1922F70E2000202705 /* EzyLogger.swift in Sources */ = {isa = PBXBuildFile; fileRef = E97EDB1822F70E2000202705 /* EzyLogger.swift */; };
		E9B365ED23D2B5CF0007F3C1 /* EzyNSNumber.m in Sources */ = {isa = PBXBuildFile; fileRef = E9B365EC23D2B5CF0007F3C1 /* EzyNSNumber.m */; };
		E9BE31F92187FC4E009F9800 /* EzyClient.swift in Sources */ = {isa = PBXBuildFile; fileRef = E9BE31F82187FC4E009F9800 /* EzyClient.swift */; };
		E9BE3200218801D0009F9800 /* EzyMethodCallException.mm in Sources */ = {isa = PBXBuildFile; fileRef = E9BE31FE218801D0009F9800 /* EzyMethodCallException.mm */; };
		E9BE3212218801E8009F9800 /* EzyMethodProxy.mm in Sources */ = {isa = PBXBuildFile; fileRef = E9BE3202218801E8009F9800 /* EzyMethodProxy.mm */; };
		E9BE321B218803DE009F9800 /* EzyMethodNames.mm in Sources */ = {isa = PBXBuildFile; fileRef = E9BE3219218803DE009F9800 /* EzyMethodNames.mm */; };
		E9BE321E218803E5009F9800 /* EzyClientProxy.mm in Sources */ = {isa = PBXBuildFile; fileRef = E9BE321C218803E5009F9800 /* EzyClientProxy.mm */; };
		E9BE3231218803F2009F9800 /* EzyNativeStrings.mm in Sources */ = {isa = PBXBuildFile; fileRef = E9BE3223218803F2009F9800 /* EzyNativeStrings.mm */; };
		E9BE3232218803F2009F9800 /* EzyNativeDataSerializer.mm in Sources */ = {isa = PBXBuildFile; fileRef = E9BE3226218803F2009F9800 /* EzyNativeDataSerializer.mm */; };
		E9BE3233218803F2009F9800 /* EzyClientConfigSerializer.mm in Sources */ = {isa = PBXBuildFile; fileRef = E9BE3227218803F2009F9800 /* EzyClientConfigSerializer.mm */; };
		E9BE3234218803F2009F9800 /* EzyNativeDataDeserializer.mm in Sources */ = {isa = PBXBuildFile; fileRef = E9BE322A218803F2009F9800 /* EzyNativeDataDeserializer.mm */; };
		E9BE3235218803F2009F9800 /* EzyEventSerializer.mm in Sources */ = {isa = PBXBuildFile; fileRef = E9BE322E218803F2009F9800 /* EzyEventSerializer.mm */; };
		E9BE3236218803F2009F9800 /* EzyNativeSerializers.mm in Sources */ = {isa = PBXBuildFile; fileRef = E9BE322F218803F2009F9800 /* EzyNativeSerializers.mm */; };
		E9BE323D21880F4E009F9800 /* EzyClients.swift in Sources */ = {isa = PBXBuildFile; fileRef = E9BE323C21880F4E009F9800 /* EzyClients.swift */; };
		E9BE32412188176E009F9800 /* EzyEventEmitter.mm in Sources */ = {isa = PBXBuildFile; fileRef = E9BE32402188176E009F9800 /* EzyEventEmitter.mm */; };
		E9BE3244218826CB009F9800 /* EzySetup.swift in Sources */ = {isa = PBXBuildFile; fileRef = E9BE3243218826CB009F9800 /* EzySetup.swift */; };
		E9BE324621882927009F9800 /* EzyConstants.swift in Sources */ = {isa = PBXBuildFile; fileRef = E9BE324521882927009F9800 /* EzyConstants.swift */; };
		E9BE324821882A39009F9800 /* EzyEntities.swift in Sources */ = {isa = PBXBuildFile; fileRef = E9BE324721882A39009F9800 /* EzyEntities.swift */; };
		E9BE324A21882CE6009F9800 /* EzyManagers.swift in Sources */ = {isa = PBXBuildFile; fileRef = E9BE324921882CE6009F9800 /* EzyManagers.swift */; };
		E9BE324C2188321D009F9800 /* EzyHandlers.swift in Sources */ = {isa = PBXBuildFile; fileRef = E9BE324B2188321D009F9800 /* EzyHandlers.swift */; };
		E9BE325021887CC1009F9800 /* Mvc.swift in Sources */ = {isa = PBXBuildFile; fileRef = E9BE324F21887CC1009F9800 /* Mvc.swift */; };
		E9FDCF6D218629FA00EBC4EE /* AppDelegate.swift in Sources */ = {isa = PBXBuildFile; fileRef = E9FDCF6C218629FA00EBC4EE /* AppDelegate.swift */; };
		E9FDCF6F218629FA00EBC4EE /* LoginController.swift in Sources */ = {isa = PBXBuildFile; fileRef = E9FDCF6E218629FA00EBC4EE /* LoginController.swift */; };
		E9FDCF72218629FA00EBC4EE /* Main.storyboard in Resources */ = {isa = PBXBuildFile; fileRef = E9FDCF70218629FA00EBC4EE /* Main.storyboard */; };
		E9FDCF74218629FC00EBC4EE /* Assets.xcassets in Resources */ = {isa = PBXBuildFile; fileRef = E9FDCF73218629FC00EBC4EE /* Assets.xcassets */; };
		E9FDCF77218629FC00EBC4EE /* LaunchScreen.storyboard in Resources */ = {isa = PBXBuildFile; fileRef = E9FDCF75218629FC00EBC4EE /* LaunchScreen.storyboard */; };
		E9FDCF7F2186B48B00EBC4EE /* ContactsController.swift in Sources */ = {isa = PBXBuildFile; fileRef = E9FDCF7E2186B48B00EBC4EE /* ContactsController.swift */; };
		F102F338264832C5001D9061 /* libezyfox-client.a in Frameworks */ = {isa = PBXBuildFile; fileRef = F102F337264832B9001D9061 /* libezyfox-client.a */; };
		F102F33C26493F40001D9061 /* SocketProxy.swift in Sources */ = {isa = PBXBuildFile; fileRef = F102F33B26493F40001D9061 /* SocketProxy.swift */; };
		F102F33E264953D4001D9061 /* Constants.swift in Sources */ = {isa = PBXBuildFile; fileRef = F102F33D264953D4001D9061 /* Constants.swift */; };
		F102F34026495F53001D9061 /* SocketRequests.swift in Sources */ = {isa = PBXBuildFile; fileRef = F102F33F26495F53001D9061 /* SocketRequests.swift */; };
		F102F34226498C81001D9061 /* AddContactsController.swift in Sources */ = {isa = PBXBuildFile; fileRef = F102F34126498C81001D9061 /* AddContactsController.swift */; };
		F102F3442649940F001D9061 /* ViewManager.swift in Sources */ = {isa = PBXBuildFile; fileRef = F102F3432649940F001D9061 /* ViewManager.swift */; };
		F102F346264A5FCF001D9061 /* AddContactTableViewCell.swift in Sources */ = {isa = PBXBuildFile; fileRef = F102F345264A5FCF001D9061 /* AddContactTableViewCell.swift */; };
		F102F348264A982A001D9061 /* MessagesController.swift in Sources */ = {isa = PBXBuildFile; fileRef = F102F347264A982A001D9061 /* MessagesController.swift */; };
		F18F94E7266A1B6F004790E8 /* EzyEncryptionProxy.mm in Sources */ = {isa = PBXBuildFile; fileRef = F18F94E6266A1B6F004790E8 /* EzyEncryptionProxy.mm */; };
		F18F94EA266A1B83004790E8 /* EzyClientConfig.swift in Sources */ = {isa = PBXBuildFile; fileRef = F18F94E9266A1B83004790E8 /* EzyClientConfig.swift */; };
		F18F94F6266A1DCF004790E8 /* NSByArray.m in Sources */ = {isa = PBXBuildFile; fileRef = F18F94F5266A1DCF004790E8 /* NSByArray.m */; };
/* End PBXBuildFile section */

/* Begin PBXContainerItemProxy section */
		F102F336264832B9001D9061 /* PBXContainerItemProxy */ = {
			isa = PBXContainerItemProxy;
			containerPortal = F102F332264832B9001D9061 /* ezyfox-client.xcodeproj */;
			proxyType = 2;
			remoteGlobalIDString = F1955055260608FD00402511;
			remoteInfo = "ezyfox-client";
		};
		F102F339264832D3001D9061 /* PBXContainerItemProxy */ = {
			isa = PBXContainerItemProxy;
			containerPortal = F102F332264832B9001D9061 /* ezyfox-client.xcodeproj */;
			proxyType = 1;
			remoteGlobalIDString = F1955054260608FD00402511;
			remoteInfo = "ezyfox-client";
		};
/* End PBXContainerItemProxy section */

/* Begin PBXCopyFilesBuildPhase section */
		E9BE2AE121873101009F9800 /* Embed Frameworks */ = {
			isa = PBXCopyFilesBuildPhase;
			buildActionMask = 2147483647;
			dstPath = "";
			dstSubfolderSpec = 10;
			files = (
			);
			name = "Embed Frameworks";
			runOnlyForDeploymentPostprocessing = 0;
		};
/* End PBXCopyFilesBuildPhase section */

/* Begin PBXFileReference section */
		6624FB7A2AE941A15D0A1839 /* Pods-freechat-swift.release.xcconfig */ = {isa = PBXFileReference; includeInIndex = 1; lastKnownFileType = text.xcconfig; name = "Pods-freechat-swift.release.xcconfig"; path = "Target Support Files/Pods-freechat-swift/Pods-freechat-swift.release.xcconfig"; sourceTree = "<group>"; };
		A4EABE535D6BD10E96BF92A4 /* Pods-freechat-swift.debug.xcconfig */ = {isa = PBXFileReference; includeInIndex = 1; lastKnownFileType = text.xcconfig; name = "Pods-freechat-swift.debug.xcconfig"; path = "Target Support Files/Pods-freechat-swift/Pods-freechat-swift.debug.xcconfig"; sourceTree = "<group>"; };
		E901F26B230DAE5D00C98CC5 /* EzyPluginDataHandler.h */ = {isa = PBXFileReference; fileEncoding = 4; lastKnownFileType = sourcecode.c.h; path = EzyPluginDataHandler.h; sourceTree = "<group>"; };
		E901F26C230DAE5D00C98CC5 /* EzyPluginDataHandler.cpp */ = {isa = PBXFileReference; fileEncoding = 4; lastKnownFileType = sourcecode.cpp.cpp; path = EzyPluginDataHandler.cpp; sourceTree = "<group>"; };
		E901F26D230DAE5D00C98CC5 /* EzyPluginDataHandlers.cpp */ = {isa = PBXFileReference; fileEncoding = 4; lastKnownFileType = sourcecode.cpp.cpp; path = EzyPluginDataHandlers.cpp; sourceTree = "<group>"; };
		E901F26E230DAE5D00C98CC5 /* EzyPluginDataHandlers.h */ = {isa = PBXFileReference; fileEncoding = 4; lastKnownFileType = sourcecode.c.h; path = EzyPluginDataHandlers.h; sourceTree = "<group>"; };
		E901F271230DAE8100C98CC5 /* EzyThread.cpp */ = {isa = PBXFileReference; fileEncoding = 4; lastKnownFileType = sourcecode.cpp.cpp; path = EzyThread.cpp; sourceTree = "<group>"; };
		E901F272230DAE8100C98CC5 /* EzyThread.h */ = {isa = PBXFileReference; fileEncoding = 4; lastKnownFileType = sourcecode.c.h; path = EzyThread.h; sourceTree = "<group>"; };
		E97991CD2186F7A700436B73 /* ContactTableViewCell.swift */ = {isa = PBXFileReference; lastKnownFileType = sourcecode.swift; path = ContactTableViewCell.swift; sourceTree = "<group>"; };
		E97EDB0E22F6D7AA00202705 /* EzyMainEventsLoop.cpp */ = {isa = PBXFileReference; fileEncoding = 4; lastKnownFileType = sourcecode.cpp.cpp; path = EzyMainEventsLoop.cpp; sourceTree = "<group>"; };
		E97EDB0F22F6D7AA00202705 /* EzyMainEventsLoop.h */ = {isa = PBXFileReference; fileEncoding = 4; lastKnownFileType = sourcecode.c.h; path = EzyMainEventsLoop.h; sourceTree = "<group>"; };
		E97EDB1222F6D7C200202705 /* EzyScheduleAtFixedRate.h */ = {isa = PBXFileReference; fileEncoding = 4; lastKnownFileType = sourcecode.c.h; path = EzyScheduleAtFixedRate.h; sourceTree = "<group>"; };
		E97EDB1322F6D7C200202705 /* EzyScheduleAtFixedRate.cpp */ = {isa = PBXFileReference; fileEncoding = 4; lastKnownFileType = sourcecode.cpp.cpp; path = EzyScheduleAtFixedRate.cpp; sourceTree = "<group>"; };
		E97EDB1822F70E2000202705 /* EzyLogger.swift */ = {isa = PBXFileReference; lastKnownFileType = sourcecode.swift; path = EzyLogger.swift; sourceTree = "<group>"; };
		E9AFBB4A231440FF00D9831A /* EzySetup.cpp */ = {isa = PBXFileReference; fileEncoding = 4; lastKnownFileType = sourcecode.cpp.cpp; path = EzySetup.cpp; sourceTree = "<group>"; };
		E9AFBB4B231440FF00D9831A /* EzySetup.h */ = {isa = PBXFileReference; fileEncoding = 4; lastKnownFileType = sourcecode.c.h; path = EzySetup.h; sourceTree = "<group>"; };
		E9B365EB23D2A2650007F3C1 /* EzyNSNumber.h */ = {isa = PBXFileReference; lastKnownFileType = sourcecode.c.h; path = EzyNSNumber.h; sourceTree = "<group>"; };
		E9B365EC23D2B5CF0007F3C1 /* EzyNSNumber.m */ = {isa = PBXFileReference; lastKnownFileType = sourcecode.c.objc; path = EzyNSNumber.m; sourceTree = "<group>"; };
		E9BE2B1F21877B62009F9800 /* ezyfox-client-bridging-header.h */ = {isa = PBXFileReference; fileEncoding = 4; lastKnownFileType = sourcecode.c.h; path = "ezyfox-client-bridging-header.h"; sourceTree = "<group>"; };
		E9BE30922187FB88009F9800 /* CODING_CONVENSION.md */ = {isa = PBXFileReference; fileEncoding = 4; lastKnownFileType = net.daringfireball.markdown; path = CODING_CONVENSION.md; sourceTree = "<group>"; };
		E9BE30932187FB88009F9800 /* README.md */ = {isa = PBXFileReference; fileEncoding = 4; lastKnownFileType = net.daringfireball.markdown; path = README.md; sourceTree = "<group>"; };
		E9BE30942187FB88009F9800 /* .gitignore */ = {isa = PBXFileReference; fileEncoding = 4; lastKnownFileType = text; path = .gitignore; sourceTree = "<group>"; };
		E9BE30972187FB88009F9800 /* EzyEventHandler.h */ = {isa = PBXFileReference; fileEncoding = 4; lastKnownFileType = sourcecode.c.h; path = EzyEventHandler.h; sourceTree = "<group>"; };
		E9BE30982187FB88009F9800 /* EzyEventHandlers.cpp */ = {isa = PBXFileReference; fileEncoding = 4; lastKnownFileType = sourcecode.cpp.cpp; path = EzyEventHandlers.cpp; sourceTree = "<group>"; };
		E9BE30992187FB88009F9800 /* EzyDataHandlers.cpp */ = {isa = PBXFileReference; fileEncoding = 4; lastKnownFileType = sourcecode.cpp.cpp; path = EzyDataHandlers.cpp; sourceTree = "<group>"; };
		E9BE309A2187FB88009F9800 /* EzyDataHandlers.h */ = {isa = PBXFileReference; fileEncoding = 4; lastKnownFileType = sourcecode.c.h; path = EzyDataHandlers.h; sourceTree = "<group>"; };
		E9BE309B2187FB88009F9800 /* EzyEventHandlers.h */ = {isa = PBXFileReference; fileEncoding = 4; lastKnownFileType = sourcecode.c.h; path = EzyEventHandlers.h; sourceTree = "<group>"; };
		E9BE309C2187FB88009F9800 /* EzyAppDataHandler.h */ = {isa = PBXFileReference; fileEncoding = 4; lastKnownFileType = sourcecode.c.h; path = EzyAppDataHandler.h; sourceTree = "<group>"; };
		E9BE309D2187FB88009F9800 /* EzyEventHandler.cpp */ = {isa = PBXFileReference; fileEncoding = 4; lastKnownFileType = sourcecode.cpp.cpp; path = EzyEventHandler.cpp; sourceTree = "<group>"; };
		E9BE309E2187FB88009F9800 /* EzyDataHandler.h */ = {isa = PBXFileReference; fileEncoding = 4; lastKnownFileType = sourcecode.c.h; path = EzyDataHandler.h; sourceTree = "<group>"; };
		E9BE309F2187FB88009F9800 /* EzyAppDataHandlers.cpp */ = {isa = PBXFileReference; fileEncoding = 4; lastKnownFileType = sourcecode.cpp.cpp; path = EzyAppDataHandlers.cpp; sourceTree = "<group>"; };
		E9BE30A02187FB88009F9800 /* EzyAppDataHandlers.h */ = {isa = PBXFileReference; fileEncoding = 4; lastKnownFileType = sourcecode.c.h; path = EzyAppDataHandlers.h; sourceTree = "<group>"; };
		E9BE30A12187FB88009F9800 /* EzyAppDataHandler.cpp */ = {isa = PBXFileReference; fileEncoding = 4; lastKnownFileType = sourcecode.cpp.cpp; path = EzyAppDataHandler.cpp; sourceTree = "<group>"; };
		E9BE30A22187FB88009F9800 /* EzyDataHandler.cpp */ = {isa = PBXFileReference; fileEncoding = 4; lastKnownFileType = sourcecode.cpp.cpp; path = EzyDataHandler.cpp; sourceTree = "<group>"; };
		E9BE30A32187FB88009F9800 /* EzyClient.h */ = {isa = PBXFileReference; fileEncoding = 4; lastKnownFileType = sourcecode.c.h; path = EzyClient.h; sourceTree = "<group>"; };
		E9BE30A42187FB88009F9800 /* EzyClients.h */ = {isa = PBXFileReference; fileEncoding = 4; lastKnownFileType = sourcecode.c.h; path = EzyClients.h; sourceTree = "<group>"; };
		E9BE30A62187FB88009F9800 /* EzyLogger.cpp */ = {isa = PBXFileReference; fileEncoding = 4; lastKnownFileType = sourcecode.cpp.cpp; path = EzyLogger.cpp; sourceTree = "<group>"; };
		E9BE30A72187FB88009F9800 /* EzyLogger.h */ = {isa = PBXFileReference; fileEncoding = 4; lastKnownFileType = sourcecode.c.h; path = EzyLogger.h; sourceTree = "<group>"; };
		E9BE30A92187FB88009F9800 /* EzyMaps.h */ = {isa = PBXFileReference; fileEncoding = 4; lastKnownFileType = sourcecode.c.h; path = EzyMaps.h; sourceTree = "<group>"; };
		E9BE30AB2187FB88009F9800 /* EzyClientConfig.h */ = {isa = PBXFileReference; fileEncoding = 4; lastKnownFileType = sourcecode.c.h; path = EzyClientConfig.h; sourceTree = "<group>"; };
		E9BE30AC2187FB88009F9800 /* EzyClientConfig.cpp */ = {isa = PBXFileReference; fileEncoding = 4; lastKnownFileType = sourcecode.cpp.cpp; path = EzyClientConfig.cpp; sourceTree = "<group>"; };
		E9BE30B12187FB88009F9800 /* EzyApp.cpp */ = {isa = PBXFileReference; fileEncoding = 4; lastKnownFileType = sourcecode.cpp.cpp; path = EzyApp.cpp; sourceTree = "<group>"; };
		E9BE30B22187FB88009F9800 /* EzyString.cpp */ = {isa = PBXFileReference; fileEncoding = 4; lastKnownFileType = sourcecode.cpp.cpp; path = EzyString.cpp; sourceTree = "<group>"; };
		E9BE30B32187FB88009F9800 /* EzyUser.h */ = {isa = PBXFileReference; fileEncoding = 4; lastKnownFileType = sourcecode.c.h; path = EzyUser.h; sourceTree = "<group>"; };
		E9BE30B42187FB88009F9800 /* EzyZone.cpp */ = {isa = PBXFileReference; fileEncoding = 4; lastKnownFileType = sourcecode.cpp.cpp; path = EzyZone.cpp; sourceTree = "<group>"; };
		E9BE30B52187FB88009F9800 /* EzyPrimitive.cpp */ = {isa = PBXFileReference; fileEncoding = 4; lastKnownFileType = sourcecode.cpp.cpp; path = EzyPrimitive.cpp; sourceTree = "<group>"; };
		E9BE30B62187FB88009F9800 /* EzyPlugin.h */ = {isa = PBXFileReference; fileEncoding = 4; lastKnownFileType = sourcecode.c.h; path = EzyPlugin.h; sourceTree = "<group>"; };
		E9BE30B82187FB88009F9800 /* EzyObject.cpp */ = {isa = PBXFileReference; fileEncoding = 4; lastKnownFileType = sourcecode.cpp.cpp; path = EzyObject.cpp; sourceTree = "<group>"; };
		E9BE30B92187FB88009F9800 /* EzyPrimitive.h */ = {isa = PBXFileReference; fileEncoding = 4; lastKnownFileType = sourcecode.c.h; path = EzyPrimitive.h; sourceTree = "<group>"; };
		E9BE30BA2187FB88009F9800 /* EzyArray.h */ = {isa = PBXFileReference; fileEncoding = 4; lastKnownFileType = sourcecode.c.h; path = EzyArray.h; sourceTree = "<group>"; };
		E9BE30BB2187FB88009F9800 /* EzyValue.h */ = {isa = PBXFileReference; fileEncoding = 4; lastKnownFileType = sourcecode.c.h; path = EzyValue.h; sourceTree = "<group>"; };
		E9BE30BC2187FB88009F9800 /* EzyArray.cpp */ = {isa = PBXFileReference; fileEncoding = 4; lastKnownFileType = sourcecode.cpp.cpp; path = EzyArray.cpp; sourceTree = "<group>"; };
		E9BE30BD2187FB88009F9800 /* EzyValue.cpp */ = {isa = PBXFileReference; fileEncoding = 4; lastKnownFileType = sourcecode.cpp.cpp; path = EzyValue.cpp; sourceTree = "<group>"; };
		E9BE30BE2187FB88009F9800 /* EzyZone.h */ = {isa = PBXFileReference; fileEncoding = 4; lastKnownFileType = sourcecode.c.h; path = EzyZone.h; sourceTree = "<group>"; };
		E9BE30BF2187FB88009F9800 /* EzyApp.h */ = {isa = PBXFileReference; fileEncoding = 4; lastKnownFileType = sourcecode.c.h; path = EzyApp.h; sourceTree = "<group>"; };
		E9BE30C02187FB88009F9800 /* EzyObject.h */ = {isa = PBXFileReference; fileEncoding = 4; lastKnownFileType = sourcecode.c.h; path = EzyObject.h; sourceTree = "<group>"; };
		E9BE30C12187FB88009F9800 /* EzyUser.cpp */ = {isa = PBXFileReference; fileEncoding = 4; lastKnownFileType = sourcecode.cpp.cpp; path = EzyUser.cpp; sourceTree = "<group>"; };
		E9BE30C32187FB88009F9800 /* EzyPlugin.cpp */ = {isa = PBXFileReference; fileEncoding = 4; lastKnownFileType = sourcecode.cpp.cpp; path = EzyPlugin.cpp; sourceTree = "<group>"; };
		E9BE30C42187FB88009F9800 /* EzyString.h */ = {isa = PBXFileReference; fileEncoding = 4; lastKnownFileType = sourcecode.c.h; path = EzyString.h; sourceTree = "<group>"; };
		E9BE30C62187FB88009F9800 /* EzyDataEncoder.h */ = {isa = PBXFileReference; fileEncoding = 4; lastKnownFileType = sourcecode.c.h; path = EzyDataEncoder.h; sourceTree = "<group>"; };
		E9BE30C72187FB88009F9800 /* EzyMessage.h */ = {isa = PBXFileReference; fileEncoding = 4; lastKnownFileType = sourcecode.c.h; path = EzyMessage.h; sourceTree = "<group>"; };
		E9BE30C82187FB88009F9800 /* EzyMessage.cpp */ = {isa = PBXFileReference; fileEncoding = 4; lastKnownFileType = sourcecode.cpp.cpp; path = EzyMessage.cpp; sourceTree = "<group>"; };
		E9BE30C92187FB88009F9800 /* EzyDataDecoder.cpp */ = {isa = PBXFileReference; fileEncoding = 4; lastKnownFileType = sourcecode.cpp.cpp; path = EzyDataDecoder.cpp; sourceTree = "<group>"; };
		E9BE30CA2187FB88009F9800 /* EzyDataDecoder.h */ = {isa = PBXFileReference; fileEncoding = 4; lastKnownFileType = sourcecode.c.h; path = EzyDataDecoder.h; sourceTree = "<group>"; };
		E9BE30CB2187FB88009F9800 /* EzyDataEncoder.cpp */ = {isa = PBXFileReference; fileEncoding = 4; lastKnownFileType = sourcecode.cpp.cpp; path = EzyDataEncoder.cpp; sourceTree = "<group>"; };
		E9BE30CC2187FB88009F9800 /* EzyClient.cpp */ = {isa = PBXFileReference; fileEncoding = 4; lastKnownFileType = sourcecode.cpp.cpp; path = EzyClient.cpp; sourceTree = "<group>"; };
		E9BE315F2187FB88009F9800 /* EzyClients.cpp */ = {isa = PBXFileReference; fileEncoding = 4; lastKnownFileType = sourcecode.cpp.cpp; path = EzyClients.cpp; sourceTree = "<group>"; };
		E9BE31602187FB88009F9800 /* EzyHeaders.h */ = {isa = PBXFileReference; fileEncoding = 4; lastKnownFileType = sourcecode.c.h; path = EzyHeaders.h; sourceTree = "<group>"; };
		E9BE31622187FB88009F9800 /* EzyHandlerManager.h */ = {isa = PBXFileReference; fileEncoding = 4; lastKnownFileType = sourcecode.c.h; path = EzyHandlerManager.h; sourceTree = "<group>"; };
		E9BE31632187FB88009F9800 /* EzyPluginManager.cpp */ = {isa = PBXFileReference; fileEncoding = 4; lastKnownFileType = sourcecode.cpp.cpp; path = EzyPluginManager.cpp; sourceTree = "<group>"; };
		E9BE31642187FB88009F9800 /* EzyAppManager.cpp */ = {isa = PBXFileReference; fileEncoding = 4; lastKnownFileType = sourcecode.cpp.cpp; path = EzyAppManager.cpp; sourceTree = "<group>"; };
		E9BE31652187FB88009F9800 /* EzyHandlerManager.cpp */ = {isa = PBXFileReference; fileEncoding = 4; lastKnownFileType = sourcecode.cpp.cpp; path = EzyHandlerManager.cpp; sourceTree = "<group>"; };
		E9BE31662187FB88009F9800 /* EzyPingManager.cpp */ = {isa = PBXFileReference; fileEncoding = 4; lastKnownFileType = sourcecode.cpp.cpp; path = EzyPingManager.cpp; sourceTree = "<group>"; };
		E9BE31672187FB88009F9800 /* EzyAppManager.h */ = {isa = PBXFileReference; fileEncoding = 4; lastKnownFileType = sourcecode.c.h; path = EzyAppManager.h; sourceTree = "<group>"; };
		E9BE31682187FB88009F9800 /* EzyPingManager.h */ = {isa = PBXFileReference; fileEncoding = 4; lastKnownFileType = sourcecode.c.h; path = EzyPingManager.h; sourceTree = "<group>"; };
		E9BE31692187FB88009F9800 /* EzyPluginManager.h */ = {isa = PBXFileReference; fileEncoding = 4; lastKnownFileType = sourcecode.c.h; path = EzyPluginManager.h; sourceTree = "<group>"; };
		E9BE316A2187FB88009F9800 /* EzyMacro.h */ = {isa = PBXFileReference; fileEncoding = 4; lastKnownFileType = sourcecode.c.h; path = EzyMacro.h; sourceTree = "<group>"; };
		E9BE316C2187FB88009F9800 /* EzyConnectionStatus.cpp */ = {isa = PBXFileReference; fileEncoding = 4; lastKnownFileType = sourcecode.cpp.cpp; path = EzyConnectionStatus.cpp; sourceTree = "<group>"; };
		E9BE316D2187FB88009F9800 /* EzyConnectionStatus.h */ = {isa = PBXFileReference; fileEncoding = 4; lastKnownFileType = sourcecode.c.h; path = EzyConnectionStatus.h; sourceTree = "<group>"; };
		E9BE316E2187FB88009F9800 /* EzyCommand.cpp */ = {isa = PBXFileReference; fileEncoding = 4; lastKnownFileType = sourcecode.cpp.cpp; path = EzyCommand.cpp; sourceTree = "<group>"; };
		E9BE316F2187FB88009F9800 /* EzyConnectionFailedReason.h */ = {isa = PBXFileReference; fileEncoding = 4; lastKnownFileType = sourcecode.c.h; path = EzyConnectionFailedReason.h; sourceTree = "<group>"; };
		E9BE31702187FB88009F9800 /* EzyDisconnectReason.h */ = {isa = PBXFileReference; fileEncoding = 4; lastKnownFileType = sourcecode.c.h; path = EzyDisconnectReason.h; sourceTree = "<group>"; };
		E9BE31712187FB88009F9800 /* EzyCommand.h */ = {isa = PBXFileReference; fileEncoding = 4; lastKnownFileType = sourcecode.c.h; path = EzyCommand.h; sourceTree = "<group>"; };
		E9BE31722187FB88009F9800 /* EzyDisconnectReason.cpp */ = {isa = PBXFileReference; fileEncoding = 4; lastKnownFileType = sourcecode.cpp.cpp; path = EzyDisconnectReason.cpp; sourceTree = "<group>"; };
		E9BE31732187FB88009F9800 /* EzyConnectionFailedReason.cpp */ = {isa = PBXFileReference; fileEncoding = 4; lastKnownFileType = sourcecode.cpp.cpp; path = EzyConnectionFailedReason.cpp; sourceTree = "<group>"; };
		E9BE319C2187FB88009F9800 /* EzyReleasePool.h */ = {isa = PBXFileReference; fileEncoding = 4; lastKnownFileType = sourcecode.c.h; path = EzyReleasePool.h; sourceTree = "<group>"; };
		E9BE319D2187FB88009F9800 /* EzyAutoReleasePool.h */ = {isa = PBXFileReference; fileEncoding = 4; lastKnownFileType = sourcecode.c.h; path = EzyAutoReleasePool.h; sourceTree = "<group>"; };
		E9BE319E2187FB88009F9800 /* EzyReleasePool.cpp */ = {isa = PBXFileReference; fileEncoding = 4; lastKnownFileType = sourcecode.cpp.cpp; path = EzyReleasePool.cpp; sourceTree = "<group>"; };
		E9BE319F2187FB88009F9800 /* EzyAutoReleasePool.cpp */ = {isa = PBXFileReference; fileEncoding = 4; lastKnownFileType = sourcecode.cpp.cpp; path = EzyAutoReleasePool.cpp; sourceTree = "<group>"; };
		E9BE31A12187FB88009F9800 /* EzyRequest.cpp */ = {isa = PBXFileReference; fileEncoding = 4; lastKnownFileType = sourcecode.cpp.cpp; path = EzyRequest.cpp; sourceTree = "<group>"; };
		E9BE31A22187FB88009F9800 /* EzyRequestSerializer.cpp */ = {isa = PBXFileReference; fileEncoding = 4; lastKnownFileType = sourcecode.cpp.cpp; path = EzyRequestSerializer.cpp; sourceTree = "<group>"; };
		E9BE31A32187FB88009F9800 /* EzyRequest.h */ = {isa = PBXFileReference; fileEncoding = 4; lastKnownFileType = sourcecode.c.h; path = EzyRequest.h; sourceTree = "<group>"; };
		E9BE31A42187FB88009F9800 /* EzyRequestSerializer.h */ = {isa = PBXFileReference; fileEncoding = 4; lastKnownFileType = sourcecode.c.h; path = EzyRequestSerializer.h; sourceTree = "<group>"; };
		E9BE31A92187FB88009F9800 /* EzyEventType.h */ = {isa = PBXFileReference; fileEncoding = 4; lastKnownFileType = sourcecode.c.h; path = EzyEventType.h; sourceTree = "<group>"; };
		E9BE31AA2187FB88009F9800 /* EzyEvent.h */ = {isa = PBXFileReference; fileEncoding = 4; lastKnownFileType = sourcecode.c.h; path = EzyEvent.h; sourceTree = "<group>"; };
		E9BE31AB2187FB88009F9800 /* EzyEvent.cpp */ = {isa = PBXFileReference; fileEncoding = 4; lastKnownFileType = sourcecode.cpp.cpp; path = EzyEvent.cpp; sourceTree = "<group>"; };
		E9BE31AC2187FB88009F9800 /* EzyEventType.cpp */ = {isa = PBXFileReference; fileEncoding = 4; lastKnownFileType = sourcecode.cpp.cpp; path = EzyEventType.cpp; sourceTree = "<group>"; };
		E9BE31AF2187FB88009F9800 /* EzyRef.h */ = {isa = PBXFileReference; fileEncoding = 4; lastKnownFileType = sourcecode.c.h; path = EzyRef.h; sourceTree = "<group>"; };
		E9BE31B02187FB88009F9800 /* EzyRef.cpp */ = {isa = PBXFileReference; fileEncoding = 4; lastKnownFileType = sourcecode.cpp.cpp; path = EzyRef.cpp; sourceTree = "<group>"; };
		E9BE31B22187FB88009F9800 /* EzySocketAdapter.h */ = {isa = PBXFileReference; fileEncoding = 4; lastKnownFileType = sourcecode.c.h; path = EzySocketAdapter.h; sourceTree = "<group>"; };
		E9BE31B32187FB88009F9800 /* EzySocketClient.h */ = {isa = PBXFileReference; fileEncoding = 4; lastKnownFileType = sourcecode.c.h; path = EzySocketClient.h; sourceTree = "<group>"; };
		E9BE31B42187FB88009F9800 /* EzySocketReader.h */ = {isa = PBXFileReference; fileEncoding = 4; lastKnownFileType = sourcecode.c.h; path = EzySocketReader.h; sourceTree = "<group>"; };
		E9BE31B52187FB88009F9800 /* EzyTcpSocketClient.cpp */ = {isa = PBXFileReference; fileEncoding = 4; lastKnownFileType = sourcecode.cpp.cpp; path = EzyTcpSocketClient.cpp; sourceTree = "<group>"; };
		E9BE31B62187FB88009F9800 /* EzySocketClient.cpp */ = {isa = PBXFileReference; fileEncoding = 4; lastKnownFileType = sourcecode.cpp.cpp; path = EzySocketClient.cpp; sourceTree = "<group>"; };
		E9BE31B72187FB88009F9800 /* EzySocketAdapter.cpp */ = {isa = PBXFileReference; fileEncoding = 4; lastKnownFileType = sourcecode.cpp.cpp; path = EzySocketAdapter.cpp; sourceTree = "<group>"; };
		E9BE31B82187FB88009F9800 /* EzySocketDefine.h */ = {isa = PBXFileReference; fileEncoding = 4; lastKnownFileType = sourcecode.c.h; path = EzySocketDefine.h; sourceTree = "<group>"; };
		E9BE31B92187FB88009F9800 /* EzyTcpSocketClient.h */ = {isa = PBXFileReference; fileEncoding = 4; lastKnownFileType = sourcecode.c.h; path = EzyTcpSocketClient.h; sourceTree = "<group>"; };
		E9BE31BA2187FB88009F9800 /* EzySocketCore.cpp */ = {isa = PBXFileReference; fileEncoding = 4; lastKnownFileType = sourcecode.cpp.cpp; path = EzySocketCore.cpp; sourceTree = "<group>"; };
		E9BE31BB2187FB88009F9800 /* EzySocketPool.h */ = {isa = PBXFileReference; fileEncoding = 4; lastKnownFileType = sourcecode.c.h; path = EzySocketPool.h; sourceTree = "<group>"; };
		E9BE31BC2187FB88009F9800 /* EzySender.h */ = {isa = PBXFileReference; fileEncoding = 4; lastKnownFileType = sourcecode.c.h; path = EzySender.h; sourceTree = "<group>"; };
		E9BE31BD2187FB88009F9800 /* EzySocketCore.h */ = {isa = PBXFileReference; fileEncoding = 4; lastKnownFileType = sourcecode.c.h; path = EzySocketCore.h; sourceTree = "<group>"; };
		E9BE31BE2187FB88009F9800 /* EzyPingSchedule.cpp */ = {isa = PBXFileReference; fileEncoding = 4; lastKnownFileType = sourcecode.cpp.cpp; path = EzyPingSchedule.cpp; sourceTree = "<group>"; };
		E9BE31BF2187FB88009F9800 /* EzySocketWriter.h */ = {isa = PBXFileReference; fileEncoding = 4; lastKnownFileType = sourcecode.c.h; path = EzySocketWriter.h; sourceTree = "<group>"; };
		E9BE31C02187FB88009F9800 /* EzySocketPool.cpp */ = {isa = PBXFileReference; fileEncoding = 4; lastKnownFileType = sourcecode.cpp.cpp; path = EzySocketPool.cpp; sourceTree = "<group>"; };
		E9BE31C12187FB88009F9800 /* EzySocketReader.cpp */ = {isa = PBXFileReference; fileEncoding = 4; lastKnownFileType = sourcecode.cpp.cpp; path = EzySocketReader.cpp; sourceTree = "<group>"; };
		E9BE31C22187FB88009F9800 /* EzyPingSchedule.h */ = {isa = PBXFileReference; fileEncoding = 4; lastKnownFileType = sourcecode.c.h; path = EzyPingSchedule.h; sourceTree = "<group>"; };
		E9BE31C32187FB88009F9800 /* EzySocketWriter.cpp */ = {isa = PBXFileReference; fileEncoding = 4; lastKnownFileType = sourcecode.cpp.cpp; path = EzySocketWriter.cpp; sourceTree = "<group>"; };
		E9BE31F82187FC4E009F9800 /* EzyClient.swift */ = {isa = PBXFileReference; lastKnownFileType = sourcecode.swift; path = EzyClient.swift; sourceTree = "<group>"; };
		E9BE31FE218801D0009F9800 /* EzyMethodCallException.mm */ = {isa = PBXFileReference; fileEncoding = 4; lastKnownFileType = sourcecode.cpp.objcpp; path = EzyMethodCallException.mm; sourceTree = "<group>"; };
		E9BE31FF218801D0009F9800 /* EzyMethodCallException.h */ = {isa = PBXFileReference; fileEncoding = 4; lastKnownFileType = sourcecode.c.h; path = EzyMethodCallException.h; sourceTree = "<group>"; };
		E9BE3202218801E8009F9800 /* EzyMethodProxy.mm */ = {isa = PBXFileReference; fileEncoding = 4; lastKnownFileType = sourcecode.cpp.objcpp; path = EzyMethodProxy.mm; sourceTree = "<group>"; };
		E9BE3203218801E8009F9800 /* EzyMethodProxy.h */ = {isa = PBXFileReference; fileEncoding = 4; lastKnownFileType = sourcecode.c.h; path = EzyMethodProxy.h; sourceTree = "<group>"; };
		E9BE3219218803DE009F9800 /* EzyMethodNames.mm */ = {isa = PBXFileReference; fileEncoding = 4; lastKnownFileType = sourcecode.cpp.objcpp; path = EzyMethodNames.mm; sourceTree = "<group>"; };
		E9BE321A218803DE009F9800 /* EzyMethodNames.h */ = {isa = PBXFileReference; fileEncoding = 4; lastKnownFileType = sourcecode.c.h; path = EzyMethodNames.h; sourceTree = "<group>"; };
		E9BE321C218803E5009F9800 /* EzyClientProxy.mm */ = {isa = PBXFileReference; fileEncoding = 4; lastKnownFileType = sourcecode.cpp.objcpp; path = EzyClientProxy.mm; sourceTree = "<group>"; };
		E9BE321D218803E5009F9800 /* EzyClientProxy.h */ = {isa = PBXFileReference; fileEncoding = 4; lastKnownFileType = sourcecode.c.h; path = EzyClientProxy.h; sourceTree = "<group>"; };
		E9BE3223218803F2009F9800 /* EzyNativeStrings.mm */ = {isa = PBXFileReference; fileEncoding = 4; lastKnownFileType = sourcecode.cpp.objcpp; path = EzyNativeStrings.mm; sourceTree = "<group>"; };
		E9BE3224218803F2009F9800 /* EzyNativeStrings.h */ = {isa = PBXFileReference; fileEncoding = 4; lastKnownFileType = sourcecode.c.h; path = EzyNativeStrings.h; sourceTree = "<group>"; };
		E9BE3226218803F2009F9800 /* EzyNativeDataSerializer.mm */ = {isa = PBXFileReference; fileEncoding = 4; lastKnownFileType = sourcecode.cpp.objcpp; path = EzyNativeDataSerializer.mm; sourceTree = "<group>"; };
		E9BE3227218803F2009F9800 /* EzyClientConfigSerializer.mm */ = {isa = PBXFileReference; fileEncoding = 4; lastKnownFileType = sourcecode.cpp.objcpp; path = EzyClientConfigSerializer.mm; sourceTree = "<group>"; };
		E9BE3228218803F2009F9800 /* EzyNativeDataDeserializer.h */ = {isa = PBXFileReference; fileEncoding = 4; lastKnownFileType = sourcecode.c.h; path = EzyNativeDataDeserializer.h; sourceTree = "<group>"; };
		E9BE3229218803F2009F9800 /* EzyNativeDataSerializer.h */ = {isa = PBXFileReference; fileEncoding = 4; lastKnownFileType = sourcecode.c.h; path = EzyNativeDataSerializer.h; sourceTree = "<group>"; };
		E9BE322A218803F2009F9800 /* EzyNativeDataDeserializer.mm */ = {isa = PBXFileReference; fileEncoding = 4; lastKnownFileType = sourcecode.cpp.objcpp; path = EzyNativeDataDeserializer.mm; sourceTree = "<group>"; };
		E9BE322B218803F2009F9800 /* EzyEventSerializer.h */ = {isa = PBXFileReference; fileEncoding = 4; lastKnownFileType = sourcecode.c.h; path = EzyEventSerializer.h; sourceTree = "<group>"; };
		E9BE322C218803F2009F9800 /* EzyNativeSerializers.h */ = {isa = PBXFileReference; fileEncoding = 4; lastKnownFileType = sourcecode.c.h; path = EzyNativeSerializers.h; sourceTree = "<group>"; };
		E9BE322D218803F2009F9800 /* EzyClientConfigSerializer.h */ = {isa = PBXFileReference; fileEncoding = 4; lastKnownFileType = sourcecode.c.h; path = EzyClientConfigSerializer.h; sourceTree = "<group>"; };
		E9BE322E218803F2009F9800 /* EzyEventSerializer.mm */ = {isa = PBXFileReference; fileEncoding = 4; lastKnownFileType = sourcecode.cpp.objcpp; path = EzyEventSerializer.mm; sourceTree = "<group>"; };
		E9BE322F218803F2009F9800 /* EzyNativeSerializers.mm */ = {isa = PBXFileReference; fileEncoding = 4; lastKnownFileType = sourcecode.cpp.objcpp; path = EzyNativeSerializers.mm; sourceTree = "<group>"; };
		E9BE323C21880F4E009F9800 /* EzyClients.swift */ = {isa = PBXFileReference; lastKnownFileType = sourcecode.swift; path = EzyClients.swift; sourceTree = "<group>"; };
		E9BE323F2188176E009F9800 /* EzyEventEmitter.h */ = {isa = PBXFileReference; lastKnownFileType = sourcecode.c.h; path = EzyEventEmitter.h; sourceTree = "<group>"; };
		E9BE32402188176E009F9800 /* EzyEventEmitter.mm */ = {isa = PBXFileReference; lastKnownFileType = sourcecode.cpp.objcpp; path = EzyEventEmitter.mm; sourceTree = "<group>"; };
		E9BE3243218826CB009F9800 /* EzySetup.swift */ = {isa = PBXFileReference; lastKnownFileType = sourcecode.swift; path = EzySetup.swift; sourceTree = "<group>"; };
		E9BE324521882927009F9800 /* EzyConstants.swift */ = {isa = PBXFileReference; lastKnownFileType = sourcecode.swift; path = EzyConstants.swift; sourceTree = "<group>"; };
		E9BE324721882A39009F9800 /* EzyEntities.swift */ = {isa = PBXFileReference; lastKnownFileType = sourcecode.swift; path = EzyEntities.swift; sourceTree = "<group>"; };
		E9BE324921882CE6009F9800 /* EzyManagers.swift */ = {isa = PBXFileReference; lastKnownFileType = sourcecode.swift; path = EzyManagers.swift; sourceTree = "<group>"; };
		E9BE324B2188321D009F9800 /* EzyHandlers.swift */ = {isa = PBXFileReference; lastKnownFileType = sourcecode.swift; path = EzyHandlers.swift; sourceTree = "<group>"; };
		E9BE324F21887CC1009F9800 /* Mvc.swift */ = {isa = PBXFileReference; lastKnownFileType = sourcecode.swift; path = Mvc.swift; sourceTree = "<group>"; };
		E9FDCF69218629FA00EBC4EE /* freechat-swift.app */ = {isa = PBXFileReference; explicitFileType = wrapper.application; includeInIndex = 0; path = "freechat-swift.app"; sourceTree = BUILT_PRODUCTS_DIR; };
		E9FDCF6C218629FA00EBC4EE /* AppDelegate.swift */ = {isa = PBXFileReference; lastKnownFileType = sourcecode.swift; path = AppDelegate.swift; sourceTree = "<group>"; };
		E9FDCF6E218629FA00EBC4EE /* LoginController.swift */ = {isa = PBXFileReference; lastKnownFileType = sourcecode.swift; path = LoginController.swift; sourceTree = "<group>"; };
		E9FDCF71218629FA00EBC4EE /* Base */ = {isa = PBXFileReference; lastKnownFileType = file.storyboard; name = Base; path = Base.lproj/Main.storyboard; sourceTree = "<group>"; };
		E9FDCF73218629FC00EBC4EE /* Assets.xcassets */ = {isa = PBXFileReference; lastKnownFileType = folder.assetcatalog; path = Assets.xcassets; sourceTree = "<group>"; };
		E9FDCF76218629FC00EBC4EE /* Base */ = {isa = PBXFileReference; lastKnownFileType = file.storyboard; name = Base; path = Base.lproj/LaunchScreen.storyboard; sourceTree = "<group>"; };
		E9FDCF78218629FC00EBC4EE /* Info.plist */ = {isa = PBXFileReference; lastKnownFileType = text.plist.xml; path = Info.plist; sourceTree = "<group>"; };
		E9FDCF7E2186B48B00EBC4EE /* ContactsController.swift */ = {isa = PBXFileReference; lastKnownFileType = sourcecode.swift; path = ContactsController.swift; sourceTree = "<group>"; };
		F0AA74EE10F18FAB793D9E61 /* Pods_freechat_swift.framework */ = {isa = PBXFileReference; explicitFileType = wrapper.framework; includeInIndex = 0; path = Pods_freechat_swift.framework; sourceTree = BUILT_PRODUCTS_DIR; };
		F102F332264832B9001D9061 /* ezyfox-client.xcodeproj */ = {isa = PBXFileReference; lastKnownFileType = "wrapper.pb-project"; name = "ezyfox-client.xcodeproj"; path = "client/socket/platform/apple/ezyfox-client.xcodeproj"; sourceTree = "<group>"; };
		F102F33B26493F40001D9061 /* SocketProxy.swift */ = {isa = PBXFileReference; lastKnownFileType = sourcecode.swift; path = SocketProxy.swift; sourceTree = "<group>"; };
		F102F33D264953D4001D9061 /* Constants.swift */ = {isa = PBXFileReference; lastKnownFileType = sourcecode.swift; path = Constants.swift; sourceTree = "<group>"; };
		F102F33F26495F53001D9061 /* SocketRequests.swift */ = {isa = PBXFileReference; lastKnownFileType = sourcecode.swift; path = SocketRequests.swift; sourceTree = "<group>"; };
		F102F34126498C81001D9061 /* AddContactsController.swift */ = {isa = PBXFileReference; lastKnownFileType = sourcecode.swift; path = AddContactsController.swift; sourceTree = "<group>"; };
		F102F3432649940F001D9061 /* ViewManager.swift */ = {isa = PBXFileReference; lastKnownFileType = sourcecode.swift; path = ViewManager.swift; sourceTree = "<group>"; };
		F102F345264A5FCF001D9061 /* AddContactTableViewCell.swift */ = {isa = PBXFileReference; lastKnownFileType = sourcecode.swift; path = AddContactTableViewCell.swift; sourceTree = "<group>"; };
		F102F347264A982A001D9061 /* MessagesController.swift */ = {isa = PBXFileReference; lastKnownFileType = sourcecode.swift; path = MessagesController.swift; sourceTree = "<group>"; };
		F18F94E5266A1B6F004790E8 /* EzyEncryptionProxy.h */ = {isa = PBXFileReference; fileEncoding = 4; lastKnownFileType = sourcecode.c.h; path = EzyEncryptionProxy.h; sourceTree = "<group>"; };
		F18F94E6266A1B6F004790E8 /* EzyEncryptionProxy.mm */ = {isa = PBXFileReference; fileEncoding = 4; lastKnownFileType = sourcecode.cpp.objcpp; path = EzyEncryptionProxy.mm; sourceTree = "<group>"; };
		F18F94E9266A1B83004790E8 /* EzyClientConfig.swift */ = {isa = PBXFileReference; fileEncoding = 4; lastKnownFileType = sourcecode.swift; path = EzyClientConfig.swift; sourceTree = "<group>"; };
		F18F94EB266A1BCB004790E8 /* EzyNull.h */ = {isa = PBXFileReference; fileEncoding = 4; lastKnownFileType = sourcecode.c.h; path = EzyNull.h; sourceTree = "<group>"; };
		F18F94EC266A1BCC004790E8 /* EzyNull.cpp */ = {isa = PBXFileReference; fileEncoding = 4; lastKnownFileType = sourcecode.cpp.cpp; path = EzyNull.cpp; sourceTree = "<group>"; };
		F18F94EE266A1BD4004790E8 /* EzyByteArray.h */ = {isa = PBXFileReference; fileEncoding = 4; lastKnownFileType = sourcecode.c.h; path = EzyByteArray.h; sourceTree = "<group>"; };
		F18F94F1266A1C00004790E8 /* EzyEncryption.h */ = {isa = PBXFileReference; lastKnownFileType = sourcecode.c.h; path = EzyEncryption.h; sourceTree = "<group>"; };
		F18F94F4266A1DCF004790E8 /* NSByteArray.h */ = {isa = PBXFileReference; fileEncoding = 4; lastKnownFileType = sourcecode.c.h; path = NSByteArray.h; sourceTree = "<group>"; };
		F18F94F5266A1DCF004790E8 /* NSByArray.m */ = {isa = PBXFileReference; fileEncoding = 4; lastKnownFileType = sourcecode.c.objc; path = NSByArray.m; sourceTree = "<group>"; };
		F18F9502266B51F2004790E8 /* EzyByteArray.cpp */ = {isa = PBXFileReference; fileEncoding = 4; lastKnownFileType = sourcecode.cpp.cpp; path = EzyByteArray.cpp; sourceTree = "<group>"; };
		F18F950B266B52F9004790E8 /* EzyEncryption.cpp */ = {isa = PBXFileReference; fileEncoding = 4; lastKnownFileType = sourcecode.cpp.cpp; path = EzyEncryption.cpp; sourceTree = "<group>"; };
/* End PBXFileReference section */

/* Begin PBXFrameworksBuildPhase section */
		E9FDCF66218629FA00EBC4EE /* Frameworks */ = {
			isa = PBXFrameworksBuildPhase;
			buildActionMask = 2147483647;
			files = (
				F102F338264832C5001D9061 /* libezyfox-client.a in Frameworks */,
				0CD7D305F61A1DC22A25B4AF /* Pods_freechat_swift.framework in Frameworks */,
			);
			runOnlyForDeploymentPostprocessing = 0;
		};
/* End PBXFrameworksBuildPhase section */

/* Begin PBXGroup section */
		6CBBB428C87179D8F1A477E1 /* Pods */ = {
			isa = PBXGroup;
			children = (
				A4EABE535D6BD10E96BF92A4 /* Pods-freechat-swift.debug.xcconfig */,
				6624FB7A2AE941A15D0A1839 /* Pods-freechat-swift.release.xcconfig */,
			);
			path = Pods;
			sourceTree = "<group>";
		};
		E97EDB1122F6D7C200202705 /* concurrent */ = {
			isa = PBXGroup;
			children = (
				E901F271230DAE8100C98CC5 /* EzyThread.cpp */,
				E901F272230DAE8100C98CC5 /* EzyThread.h */,
				E97EDB1222F6D7C200202705 /* EzyScheduleAtFixedRate.h */,
				E97EDB1322F6D7C200202705 /* EzyScheduleAtFixedRate.cpp */,
			);
			path = concurrent;
			sourceTree = "<group>";
		};
		E97EDB1722F70DE600202705 /* logger */ = {
			isa = PBXGroup;
			children = (
				E97EDB1822F70E2000202705 /* EzyLogger.swift */,
			);
			path = logger;
			sourceTree = "<group>";
		};
		E9AFBB49231440FF00D9831A /* setup */ = {
			isa = PBXGroup;
			children = (
				E9AFBB4A231440FF00D9831A /* EzySetup.cpp */,
				E9AFBB4B231440FF00D9831A /* EzySetup.h */,
			);
			path = setup;
			sourceTree = "<group>";
		};
		E9B365E723D2161E0007F3C1 /* math */ = {
			isa = PBXGroup;
			children = (
				E9B365EB23D2A2650007F3C1 /* EzyNSNumber.h */,
				E9B365EC23D2B5CF0007F3C1 /* EzyNSNumber.m */,
			);
			path = math;
			sourceTree = "<group>";
		};
		E9BE2B10218734AE009F9800 /* Frameworks */ = {
			isa = PBXGroup;
			children = (
				F0AA74EE10F18FAB793D9E61 /* Pods_freechat_swift.framework */,
			);
			name = Frameworks;
			sourceTree = "<group>";
		};
		E9BE2B1E21877B62009F9800 /* client */ = {
			isa = PBXGroup;
			children = (
				E9BE3243218826CB009F9800 /* EzySetup.swift */,
				E9BE324521882927009F9800 /* EzyConstants.swift */,
				E9BE324721882A39009F9800 /* EzyEntities.swift */,
				E9BE324921882CE6009F9800 /* EzyManagers.swift */,
				E9BE324B2188321D009F9800 /* EzyHandlers.swift */,
				E9BE31F82187FC4E009F9800 /* EzyClient.swift */,
				E9BE323C21880F4E009F9800 /* EzyClients.swift */,
				E9BE321D218803E5009F9800 /* EzyClientProxy.h */,
				E9BE321C218803E5009F9800 /* EzyClientProxy.mm */,
				E9BE323F2188176E009F9800 /* EzyEventEmitter.h */,
				E9BE32402188176E009F9800 /* EzyEventEmitter.mm */,
				E9BE321A218803DE009F9800 /* EzyMethodNames.h */,
				E9BE3219218803DE009F9800 /* EzyMethodNames.mm */,
				E9BE2B1F21877B62009F9800 /* ezyfox-client-bridging-header.h */,
				F18F94E8266A1B83004790E8 /* config */,
				F18F94E4266A1B6F004790E8 /* codec */,
				E9BE3201218801E8009F9800 /* proxy */,
				E9BE3225218803F2009F9800 /* serializer */,
				E9BE31FD218801D0009F9800 /* exception */,
				E97EDB1722F70DE600202705 /* logger */,
				E9B365E723D2161E0007F3C1 /* math */,
				E9BE3222218803F2009F9800 /* util */,
				E9BE30912187FB88009F9800 /* socket */,
			);
			path = client;
			sourceTree = SOURCE_ROOT;
		};
		E9BE30912187FB88009F9800 /* socket */ = {
			isa = PBXGroup;
			children = (
				E9BE30922187FB88009F9800 /* CODING_CONVENSION.md */,
				E9BE30932187FB88009F9800 /* README.md */,
				E9BE30942187FB88009F9800 /* .gitignore */,
				E9BE30952187FB88009F9800 /* src */,
			);
			path = socket;
			sourceTree = "<group>";
		};
		E9BE30952187FB88009F9800 /* src */ = {
			isa = PBXGroup;
			children = (
				E9BE30962187FB88009F9800 /* handler */,
				E9BE30A32187FB88009F9800 /* EzyClient.h */,
				E9BE30A42187FB88009F9800 /* EzyClients.h */,
				E9BE30A52187FB88009F9800 /* logger */,
				E9BE30A82187FB88009F9800 /* util */,
				E9BE30AA2187FB88009F9800 /* config */,
				E9BE30B02187FB88009F9800 /* entity */,
				E9BE30C52187FB88009F9800 /* codec */,
				E97EDB1122F6D7C200202705 /* concurrent */,
				E9BE30CC2187FB88009F9800 /* EzyClient.cpp */,
				E9BE315F2187FB88009F9800 /* EzyClients.cpp */,
				E9BE31602187FB88009F9800 /* EzyHeaders.h */,
				E9BE31612187FB88009F9800 /* manager */,
				E9BE316A2187FB88009F9800 /* EzyMacro.h */,
				E9BE316B2187FB88009F9800 /* constant */,
				E9BE319B2187FB88009F9800 /* gc */,
				E9BE31A02187FB88009F9800 /* request */,
				E9BE31A82187FB88009F9800 /* event */,
				E9BE31AE2187FB88009F9800 /* base */,
				E9AFBB49231440FF00D9831A /* setup */,
				E9BE31B12187FB88009F9800 /* socket */,
			);
			path = src;
			sourceTree = "<group>";
		};
		E9BE30962187FB88009F9800 /* handler */ = {
			isa = PBXGroup;
			children = (
				E9BE30972187FB88009F9800 /* EzyEventHandler.h */,
				E9BE30982187FB88009F9800 /* EzyEventHandlers.cpp */,
				E9BE30992187FB88009F9800 /* EzyDataHandlers.cpp */,
				E9BE309A2187FB88009F9800 /* EzyDataHandlers.h */,
				E9BE309B2187FB88009F9800 /* EzyEventHandlers.h */,
				E9BE309C2187FB88009F9800 /* EzyAppDataHandler.h */,
				E9BE309D2187FB88009F9800 /* EzyEventHandler.cpp */,
				E9BE309E2187FB88009F9800 /* EzyDataHandler.h */,
				E9BE309F2187FB88009F9800 /* EzyAppDataHandlers.cpp */,
				E9BE30A02187FB88009F9800 /* EzyAppDataHandlers.h */,
				E9BE30A12187FB88009F9800 /* EzyAppDataHandler.cpp */,
				E9BE30A22187FB88009F9800 /* EzyDataHandler.cpp */,
				E901F26C230DAE5D00C98CC5 /* EzyPluginDataHandler.cpp */,
				E901F26B230DAE5D00C98CC5 /* EzyPluginDataHandler.h */,
				E901F26D230DAE5D00C98CC5 /* EzyPluginDataHandlers.cpp */,
				E901F26E230DAE5D00C98CC5 /* EzyPluginDataHandlers.h */,
			);
			path = handler;
			sourceTree = "<group>";
		};
		E9BE30A52187FB88009F9800 /* logger */ = {
			isa = PBXGroup;
			children = (
				E9BE30A62187FB88009F9800 /* EzyLogger.cpp */,
				E9BE30A72187FB88009F9800 /* EzyLogger.h */,
			);
			path = logger;
			sourceTree = "<group>";
		};
		E9BE30A82187FB88009F9800 /* util */ = {
			isa = PBXGroup;
			children = (
				E9BE30A92187FB88009F9800 /* EzyMaps.h */,
			);
			path = util;
			sourceTree = "<group>";
		};
		E9BE30AA2187FB88009F9800 /* config */ = {
			isa = PBXGroup;
			children = (
				E9BE30AB2187FB88009F9800 /* EzyClientConfig.h */,
				E9BE30AC2187FB88009F9800 /* EzyClientConfig.cpp */,
			);
			path = config;
			sourceTree = "<group>";
		};
		E9BE30B02187FB88009F9800 /* entity */ = {
			isa = PBXGroup;
			children = (
				E9BE30B12187FB88009F9800 /* EzyApp.cpp */,
				E9BE30B22187FB88009F9800 /* EzyString.cpp */,
				E9BE30B32187FB88009F9800 /* EzyUser.h */,
				E9BE30B42187FB88009F9800 /* EzyZone.cpp */,
				E9BE30B52187FB88009F9800 /* EzyPrimitive.cpp */,
				E9BE30B62187FB88009F9800 /* EzyPlugin.h */,
				E9BE30B82187FB88009F9800 /* EzyObject.cpp */,
				E9BE30B92187FB88009F9800 /* EzyPrimitive.h */,
				E9BE30BA2187FB88009F9800 /* EzyArray.h */,
				E9BE30BB2187FB88009F9800 /* EzyValue.h */,
				E9BE30BC2187FB88009F9800 /* EzyArray.cpp */,
				E9BE30BD2187FB88009F9800 /* EzyValue.cpp */,
				E9BE30BE2187FB88009F9800 /* EzyZone.h */,
				E9BE30BF2187FB88009F9800 /* EzyApp.h */,
				E9BE30C02187FB88009F9800 /* EzyObject.h */,
				E9BE30C12187FB88009F9800 /* EzyUser.cpp */,
				E9BE30C32187FB88009F9800 /* EzyPlugin.cpp */,
				E9BE30C42187FB88009F9800 /* EzyString.h */,
				F18F94EC266A1BCC004790E8 /* EzyNull.cpp */,
				F18F94EB266A1BCB004790E8 /* EzyNull.h */,
				F18F94EE266A1BD4004790E8 /* EzyByteArray.h */,
				F18F9502266B51F2004790E8 /* EzyByteArray.cpp */,
			);
			path = entity;
			sourceTree = "<group>";
		};
		E9BE30C52187FB88009F9800 /* codec */ = {
			isa = PBXGroup;
			children = (
				E9BE30C62187FB88009F9800 /* EzyDataEncoder.h */,
				E9BE30C72187FB88009F9800 /* EzyMessage.h */,
				E9BE30C82187FB88009F9800 /* EzyMessage.cpp */,
				E9BE30C92187FB88009F9800 /* EzyDataDecoder.cpp */,
				E9BE30CA2187FB88009F9800 /* EzyDataDecoder.h */,
				E9BE30CB2187FB88009F9800 /* EzyDataEncoder.cpp */,
				F18F94F1266A1C00004790E8 /* EzyEncryption.h */,
				F18F950B266B52F9004790E8 /* EzyEncryption.cpp */,
			);
			path = codec;
			sourceTree = "<group>";
		};
		E9BE31612187FB88009F9800 /* manager */ = {
			isa = PBXGroup;
			children = (
				E9BE31622187FB88009F9800 /* EzyHandlerManager.h */,
				E9BE31632187FB88009F9800 /* EzyPluginManager.cpp */,
				E9BE31642187FB88009F9800 /* EzyAppManager.cpp */,
				E9BE31652187FB88009F9800 /* EzyHandlerManager.cpp */,
				E9BE31662187FB88009F9800 /* EzyPingManager.cpp */,
				E9BE31672187FB88009F9800 /* EzyAppManager.h */,
				E9BE31682187FB88009F9800 /* EzyPingManager.h */,
				E9BE31692187FB88009F9800 /* EzyPluginManager.h */,
			);
			path = manager;
			sourceTree = "<group>";
		};
		E9BE316B2187FB88009F9800 /* constant */ = {
			isa = PBXGroup;
			children = (
				E9BE316C2187FB88009F9800 /* EzyConnectionStatus.cpp */,
				E9BE316D2187FB88009F9800 /* EzyConnectionStatus.h */,
				E9BE316E2187FB88009F9800 /* EzyCommand.cpp */,
				E9BE316F2187FB88009F9800 /* EzyConnectionFailedReason.h */,
				E9BE31702187FB88009F9800 /* EzyDisconnectReason.h */,
				E9BE31712187FB88009F9800 /* EzyCommand.h */,
				E9BE31722187FB88009F9800 /* EzyDisconnectReason.cpp */,
				E9BE31732187FB88009F9800 /* EzyConnectionFailedReason.cpp */,
			);
			path = constant;
			sourceTree = "<group>";
		};
		E9BE319B2187FB88009F9800 /* gc */ = {
			isa = PBXGroup;
			children = (
				E9BE319C2187FB88009F9800 /* EzyReleasePool.h */,
				E9BE319D2187FB88009F9800 /* EzyAutoReleasePool.h */,
				E9BE319E2187FB88009F9800 /* EzyReleasePool.cpp */,
				E9BE319F2187FB88009F9800 /* EzyAutoReleasePool.cpp */,
			);
			path = gc;
			sourceTree = "<group>";
		};
		E9BE31A02187FB88009F9800 /* request */ = {
			isa = PBXGroup;
			children = (
				E9BE31A12187FB88009F9800 /* EzyRequest.cpp */,
				E9BE31A22187FB88009F9800 /* EzyRequestSerializer.cpp */,
				E9BE31A32187FB88009F9800 /* EzyRequest.h */,
				E9BE31A42187FB88009F9800 /* EzyRequestSerializer.h */,
			);
			path = request;
			sourceTree = "<group>";
		};
		E9BE31A82187FB88009F9800 /* event */ = {
			isa = PBXGroup;
			children = (
				E9BE31A92187FB88009F9800 /* EzyEventType.h */,
				E9BE31AA2187FB88009F9800 /* EzyEvent.h */,
				E9BE31AB2187FB88009F9800 /* EzyEvent.cpp */,
				E9BE31AC2187FB88009F9800 /* EzyEventType.cpp */,
			);
			path = event;
			sourceTree = "<group>";
		};
		E9BE31AE2187FB88009F9800 /* base */ = {
			isa = PBXGroup;
			children = (
				E9BE31AF2187FB88009F9800 /* EzyRef.h */,
				E9BE31B02187FB88009F9800 /* EzyRef.cpp */,
			);
			path = base;
			sourceTree = "<group>";
		};
		E9BE31B12187FB88009F9800 /* socket */ = {
			isa = PBXGroup;
			children = (
				E97EDB0E22F6D7AA00202705 /* EzyMainEventsLoop.cpp */,
				E97EDB0F22F6D7AA00202705 /* EzyMainEventsLoop.h */,
				E9BE31B22187FB88009F9800 /* EzySocketAdapter.h */,
				E9BE31B32187FB88009F9800 /* EzySocketClient.h */,
				E9BE31B42187FB88009F9800 /* EzySocketReader.h */,
				E9BE31B52187FB88009F9800 /* EzyTcpSocketClient.cpp */,
				E9BE31B62187FB88009F9800 /* EzySocketClient.cpp */,
				E9BE31B72187FB88009F9800 /* EzySocketAdapter.cpp */,
				E9BE31B82187FB88009F9800 /* EzySocketDefine.h */,
				E9BE31B92187FB88009F9800 /* EzyTcpSocketClient.h */,
				E9BE31BA2187FB88009F9800 /* EzySocketCore.cpp */,
				E9BE31BB2187FB88009F9800 /* EzySocketPool.h */,
				E9BE31BC2187FB88009F9800 /* EzySender.h */,
				E9BE31BD2187FB88009F9800 /* EzySocketCore.h */,
				E9BE31BE2187FB88009F9800 /* EzyPingSchedule.cpp */,
				E9BE31BF2187FB88009F9800 /* EzySocketWriter.h */,
				E9BE31C02187FB88009F9800 /* EzySocketPool.cpp */,
				E9BE31C12187FB88009F9800 /* EzySocketReader.cpp */,
				E9BE31C22187FB88009F9800 /* EzyPingSchedule.h */,
				E9BE31C32187FB88009F9800 /* EzySocketWriter.cpp */,
			);
			path = socket;
			sourceTree = "<group>";
		};
		E9BE31FD218801D0009F9800 /* exception */ = {
			isa = PBXGroup;
			children = (
				E9BE31FE218801D0009F9800 /* EzyMethodCallException.mm */,
				E9BE31FF218801D0009F9800 /* EzyMethodCallException.h */,
			);
			path = exception;
			sourceTree = "<group>";
		};
		E9BE3201218801E8009F9800 /* proxy */ = {
			isa = PBXGroup;
			children = (
				E9BE3202218801E8009F9800 /* EzyMethodProxy.mm */,
				E9BE3203218801E8009F9800 /* EzyMethodProxy.h */,
			);
			name = proxy;
			path = client/proxy;
			sourceTree = SOURCE_ROOT;
		};
		E9BE3222218803F2009F9800 /* util */ = {
			isa = PBXGroup;
			children = (
				E9BE3223218803F2009F9800 /* EzyNativeStrings.mm */,
				E9BE3224218803F2009F9800 /* EzyNativeStrings.h */,
				F18F94F5266A1DCF004790E8 /* NSByArray.m */,
				F18F94F4266A1DCF004790E8 /* NSByteArray.h */,
			);
			name = util;
			path = client/util;
			sourceTree = SOURCE_ROOT;
		};
		E9BE3225218803F2009F9800 /* serializer */ = {
			isa = PBXGroup;
			children = (
				E9BE3226218803F2009F9800 /* EzyNativeDataSerializer.mm */,
				E9BE3227218803F2009F9800 /* EzyClientConfigSerializer.mm */,
				E9BE3228218803F2009F9800 /* EzyNativeDataDeserializer.h */,
				E9BE3229218803F2009F9800 /* EzyNativeDataSerializer.h */,
				E9BE322A218803F2009F9800 /* EzyNativeDataDeserializer.mm */,
				E9BE322B218803F2009F9800 /* EzyEventSerializer.h */,
				E9BE322C218803F2009F9800 /* EzyNativeSerializers.h */,
				E9BE322D218803F2009F9800 /* EzyClientConfigSerializer.h */,
				E9BE322E218803F2009F9800 /* EzyEventSerializer.mm */,
				E9BE322F218803F2009F9800 /* EzyNativeSerializers.mm */,
			);
			name = serializer;
			path = client/serializer;
			sourceTree = SOURCE_ROOT;
		};
		E9FDCF60218629FA00EBC4EE = {
			isa = PBXGroup;
			children = (
				F102F332264832B9001D9061 /* ezyfox-client.xcodeproj */,
				E9BE2B1E21877B62009F9800 /* client */,
				E9FDCF6B218629FA00EBC4EE /* freechat-swift */,
				E9BE2B10218734AE009F9800 /* Frameworks */,
				6CBBB428C87179D8F1A477E1 /* Pods */,
			);
			sourceTree = "<group>";
		};
		E9FDCF6A218629FA00EBC4EE /* Products */ = {
			isa = PBXGroup;
			children = (
				E9FDCF69218629FA00EBC4EE /* freechat-swift.app */,
			);
			name = Products;
			path = ..;
			sourceTree = "<group>";
		};
		E9FDCF6B218629FA00EBC4EE /* freechat-swift */ = {
			isa = PBXGroup;
			children = (
				E9FDCF6C218629FA00EBC4EE /* AppDelegate.swift */,
				F102F3432649940F001D9061 /* ViewManager.swift */,
				E9FDCF6E218629FA00EBC4EE /* LoginController.swift */,
				E9FDCF7E2186B48B00EBC4EE /* ContactsController.swift */,
				F102F347264A982A001D9061 /* MessagesController.swift */,
				F102F34126498C81001D9061 /* AddContactsController.swift */,
				E97991CD2186F7A700436B73 /* ContactTableViewCell.swift */,
				F102F345264A5FCF001D9061 /* AddContactTableViewCell.swift */,
				E9BE324F21887CC1009F9800 /* Mvc.swift */,
				F102F33D264953D4001D9061 /* Constants.swift */,
				F102F33F26495F53001D9061 /* SocketRequests.swift */,
				F102F33B26493F40001D9061 /* SocketProxy.swift */,
				E9FDCF70218629FA00EBC4EE /* Main.storyboard */,
				E9FDCF73218629FC00EBC4EE /* Assets.xcassets */,
				E9FDCF75218629FC00EBC4EE /* LaunchScreen.storyboard */,
				E9FDCF78218629FC00EBC4EE /* Info.plist */,
				E9FDCF6A218629FA00EBC4EE /* Products */,
			);
			path = "freechat-swift";
			sourceTree = "<group>";
		};
		F102F333264832B9001D9061 /* Products */ = {
			isa = PBXGroup;
			children = (
				F102F337264832B9001D9061 /* libezyfox-client.a */,
			);
			name = Products;
			sourceTree = "<group>";
		};
		F18F94E4266A1B6F004790E8 /* codec */ = {
			isa = PBXGroup;
			children = (
				F18F94E5266A1B6F004790E8 /* EzyEncryptionProxy.h */,
				F18F94E6266A1B6F004790E8 /* EzyEncryptionProxy.mm */,
			);
			path = codec;
			sourceTree = "<group>";
		};
		F18F94E8266A1B83004790E8 /* config */ = {
			isa = PBXGroup;
			children = (
				F18F94E9266A1B83004790E8 /* EzyClientConfig.swift */,
			);
			path = config;
			sourceTree = "<group>";
		};
/* End PBXGroup section */

/* Begin PBXNativeTarget section */
		E9FDCF68218629FA00EBC4EE /* freechat-swift */ = {
			isa = PBXNativeTarget;
			buildConfigurationList = E9FDCF7B218629FC00EBC4EE /* Build configuration list for PBXNativeTarget "freechat-swift" */;
			buildPhases = (
				1F02B6E9EB3D2FC7BE69C7E5 /* [CP] Check Pods Manifest.lock */,
				E9FDCF65218629FA00EBC4EE /* Sources */,
				E9FDCF66218629FA00EBC4EE /* Frameworks */,
				E9FDCF67218629FA00EBC4EE /* Resources */,
				E9BE2AE121873101009F9800 /* Embed Frameworks */,
				B0092459FEB03139B3DE788B /* [CP] Embed Pods Frameworks */,
			);
			buildRules = (
			);
			dependencies = (
				F102F33A264832D3001D9061 /* PBXTargetDependency */,
			);
			name = "freechat-swift";
			productName = "hello-swift";
			productReference = E9FDCF69218629FA00EBC4EE /* freechat-swift.app */;
			productType = "com.apple.product-type.application";
		};
/* End PBXNativeTarget section */

/* Begin PBXProject section */
		E9FDCF61218629FA00EBC4EE /* Project object */ = {
			isa = PBXProject;
			attributes = {
				LastSwiftUpdateCheck = 1000;
				LastUpgradeCheck = 1000;
				ORGANIZATIONNAME = "Young Monkeys";
				TargetAttributes = {
					E9FDCF68218629FA00EBC4EE = {
						CreatedOnToolsVersion = 10.0;
						LastSwiftMigration = 1030;
					};
				};
			};
			buildConfigurationList = E9FDCF64218629FA00EBC4EE /* Build configuration list for PBXProject "freechat-swift" */;
			compatibilityVersion = "Xcode 9.3";
			developmentRegion = en;
			hasScannedForEncodings = 0;
			knownRegions = (
				en,
				Base,
			);
			mainGroup = E9FDCF60218629FA00EBC4EE;
			productRefGroup = E9FDCF6A218629FA00EBC4EE /* Products */;
			projectDirPath = "";
			projectReferences = (
				{
					ProductGroup = F102F333264832B9001D9061 /* Products */;
					ProjectRef = F102F332264832B9001D9061 /* ezyfox-client.xcodeproj */;
				},
			);
			projectRoot = "";
			targets = (
				E9FDCF68218629FA00EBC4EE /* freechat-swift */,
			);
		};
/* End PBXProject section */

/* Begin PBXReferenceProxy section */
		F102F337264832B9001D9061 /* libezyfox-client.a */ = {
			isa = PBXReferenceProxy;
			fileType = archive.ar;
			path = "libezyfox-client.a";
			remoteRef = F102F336264832B9001D9061 /* PBXContainerItemProxy */;
			sourceTree = BUILT_PRODUCTS_DIR;
		};
/* End PBXReferenceProxy section */

/* Begin PBXResourcesBuildPhase section */
		E9FDCF67218629FA00EBC4EE /* Resources */ = {
			isa = PBXResourcesBuildPhase;
			buildActionMask = 2147483647;
			files = (
				E9FDCF77218629FC00EBC4EE /* LaunchScreen.storyboard in Resources */,
				E9FDCF74218629FC00EBC4EE /* Assets.xcassets in Resources */,
				E9FDCF72218629FA00EBC4EE /* Main.storyboard in Resources */,
			);
			runOnlyForDeploymentPostprocessing = 0;
		};
/* End PBXResourcesBuildPhase section */

/* Begin PBXShellScriptBuildPhase section */
		1F02B6E9EB3D2FC7BE69C7E5 /* [CP] Check Pods Manifest.lock */ = {
			isa = PBXShellScriptBuildPhase;
			buildActionMask = 2147483647;
			files = (
			);
			inputFileListPaths = (
			);
			inputPaths = (
				"${PODS_PODFILE_DIR_PATH}/Podfile.lock",
				"${PODS_ROOT}/Manifest.lock",
			);
			name = "[CP] Check Pods Manifest.lock";
			outputFileListPaths = (
			);
			outputPaths = (
				"$(DERIVED_FILE_DIR)/Pods-freechat-swift-checkManifestLockResult.txt",
			);
			runOnlyForDeploymentPostprocessing = 0;
			shellPath = /bin/sh;
			shellScript = "diff \"${PODS_PODFILE_DIR_PATH}/Podfile.lock\" \"${PODS_ROOT}/Manifest.lock\" > /dev/null\nif [ $? != 0 ] ; then\n    # print error to STDERR\n    echo \"error: The sandbox is not in sync with the Podfile.lock. Run 'pod install' or update your CocoaPods installation.\" >&2\n    exit 1\nfi\n# This output is used by Xcode 'outputs' to avoid re-running this script phase.\necho \"SUCCESS\" > \"${SCRIPT_OUTPUT_FILE_0}\"\n";
			showEnvVarsInLog = 0;
		};
		B0092459FEB03139B3DE788B /* [CP] Embed Pods Frameworks */ = {
			isa = PBXShellScriptBuildPhase;
			buildActionMask = 2147483647;
			files = (
			);
			inputFileListPaths = (
				"${PODS_ROOT}/Target Support Files/Pods-freechat-swift/Pods-freechat-swift-frameworks-${CONFIGURATION}-input-files.xcfilelist",
			);
			name = "[CP] Embed Pods Frameworks";
			outputFileListPaths = (
				"${PODS_ROOT}/Target Support Files/Pods-freechat-swift/Pods-freechat-swift-frameworks-${CONFIGURATION}-output-files.xcfilelist",
			);
			runOnlyForDeploymentPostprocessing = 0;
			shellPath = /bin/sh;
			shellScript = "\"${PODS_ROOT}/Target Support Files/Pods-freechat-swift/Pods-freechat-swift-frameworks.sh\"\n";
			showEnvVarsInLog = 0;
		};
/* End PBXShellScriptBuildPhase section */

/* Begin PBXSourcesBuildPhase section */
		E9FDCF65218629FA00EBC4EE /* Sources */ = {
			isa = PBXSourcesBuildPhase;
			buildActionMask = 2147483647;
			files = (
				E9BE3234218803F2009F9800 /* EzyNativeDataDeserializer.mm in Sources */,
				F18F94F6266A1DCF004790E8 /* NSByArray.m in Sources */,
				E9BE31F92187FC4E009F9800 /* EzyClient.swift in Sources */,
				E9BE324621882927009F9800 /* EzyConstants.swift in Sources */,
				E9BE3212218801E8009F9800 /* EzyMethodProxy.mm in Sources */,
				E9BE324C2188321D009F9800 /* EzyHandlers.swift in Sources */,
				E97EDB1922F70E2000202705 /* EzyLogger.swift in Sources */,
				E9BE32412188176E009F9800 /* EzyEventEmitter.mm in Sources */,
				E9BE325021887CC1009F9800 /* Mvc.swift in Sources */,
				E9BE3231218803F2009F9800 /* EzyNativeStrings.mm in Sources */,
				E9BE321B218803DE009F9800 /* EzyMethodNames.mm in Sources */,
				E9B365ED23D2B5CF0007F3C1 /* EzyNSNumber.m in Sources */,
				E9BE3232218803F2009F9800 /* EzyNativeDataSerializer.mm in Sources */,
				E9BE3233218803F2009F9800 /* EzyClientConfigSerializer.mm in Sources */,
				E9BE3244218826CB009F9800 /* EzySetup.swift in Sources */,
				E9BE321E218803E5009F9800 /* EzyClientProxy.mm in Sources */,
				F18F94EA266A1B83004790E8 /* EzyClientConfig.swift in Sources */,
				E9BE323D21880F4E009F9800 /* EzyClients.swift in Sources */,
				F18F94E7266A1B6F004790E8 /* EzyEncryptionProxy.mm in Sources */,
				E9BE324821882A39009F9800 /* EzyEntities.swift in Sources */,
				E9BE3200218801D0009F9800 /* EzyMethodCallException.mm in Sources */,
				E9BE3235218803F2009F9800 /* EzyEventSerializer.mm in Sources */,
				E9BE324A21882CE6009F9800 /* EzyManagers.swift in Sources */,
				E9BE3236218803F2009F9800 /* EzyNativeSerializers.mm in Sources */,
				F102F346264A5FCF001D9061 /* AddContactTableViewCell.swift in Sources */,
				E9FDCF6F218629FA00EBC4EE /* LoginController.swift in Sources */,
				F102F34226498C81001D9061 /* AddContactsController.swift in Sources */,
				F102F33E264953D4001D9061 /* Constants.swift in Sources */,
				E97991CE2186F7A700436B73 /* ContactTableViewCell.swift in Sources */,
				F102F34026495F53001D9061 /* SocketRequests.swift in Sources */,
				F102F33C26493F40001D9061 /* SocketProxy.swift in Sources */,
				E9FDCF7F2186B48B00EBC4EE /* ContactsController.swift in Sources */,
				F102F348264A982A001D9061 /* MessagesController.swift in Sources */,
				E9FDCF6D218629FA00EBC4EE /* AppDelegate.swift in Sources */,
				F102F3442649940F001D9061 /* ViewManager.swift in Sources */,
			);
			runOnlyForDeploymentPostprocessing = 0;
		};
/* End PBXSourcesBuildPhase section */

/* Begin PBXTargetDependency section */
		F102F33A264832D3001D9061 /* PBXTargetDependency */ = {
			isa = PBXTargetDependency;
			name = "ezyfox-client";
			targetProxy = F102F339264832D3001D9061 /* PBXContainerItemProxy */;
		};
/* End PBXTargetDependency section */

/* Begin PBXVariantGroup section */
		E9FDCF70218629FA00EBC4EE /* Main.storyboard */ = {
			isa = PBXVariantGroup;
			children = (
				E9FDCF71218629FA00EBC4EE /* Base */,
			);
			name = Main.storyboard;
			sourceTree = "<group>";
		};
		E9FDCF75218629FC00EBC4EE /* LaunchScreen.storyboard */ = {
			isa = PBXVariantGroup;
			children = (
				E9FDCF76218629FC00EBC4EE /* Base */,
			);
			name = LaunchScreen.storyboard;
			sourceTree = "<group>";
		};
/* End PBXVariantGroup section */

/* Begin XCBuildConfiguration section */
		E9FDCF79218629FC00EBC4EE /* Debug */ = {
			isa = XCBuildConfiguration;
			buildSettings = {
				ALWAYS_SEARCH_USER_PATHS = NO;
				CLANG_ANALYZER_NONNULL = YES;
				CLANG_ANALYZER_NUMBER_OBJECT_CONVERSION = YES_AGGRESSIVE;
				CLANG_CXX_LANGUAGE_STANDARD = "gnu++14";
				CLANG_CXX_LIBRARY = "libc++";
				CLANG_ENABLE_MODULES = YES;
				CLANG_ENABLE_OBJC_ARC = YES;
				CLANG_ENABLE_OBJC_WEAK = YES;
				CLANG_WARN_BLOCK_CAPTURE_AUTORELEASING = YES;
				CLANG_WARN_BOOL_CONVERSION = YES;
				CLANG_WARN_COMMA = YES;
				CLANG_WARN_CONSTANT_CONVERSION = YES;
				CLANG_WARN_DEPRECATED_OBJC_IMPLEMENTATIONS = YES;
				CLANG_WARN_DIRECT_OBJC_ISA_USAGE = YES_ERROR;
				CLANG_WARN_DOCUMENTATION_COMMENTS = YES;
				CLANG_WARN_EMPTY_BODY = YES;
				CLANG_WARN_ENUM_CONVERSION = YES;
				CLANG_WARN_INFINITE_RECURSION = YES;
				CLANG_WARN_INT_CONVERSION = YES;
				CLANG_WARN_NON_LITERAL_NULL_CONVERSION = YES;
				CLANG_WARN_OBJC_IMPLICIT_RETAIN_SELF = YES;
				CLANG_WARN_OBJC_LITERAL_CONVERSION = YES;
				CLANG_WARN_OBJC_ROOT_CLASS = YES_ERROR;
				CLANG_WARN_RANGE_LOOP_ANALYSIS = YES;
				CLANG_WARN_STRICT_PROTOTYPES = YES;
				CLANG_WARN_SUSPICIOUS_MOVE = YES;
				CLANG_WARN_UNGUARDED_AVAILABILITY = YES_AGGRESSIVE;
				CLANG_WARN_UNREACHABLE_CODE = YES;
				CLANG_WARN__DUPLICATE_METHOD_MATCH = YES;
				CODE_SIGN_IDENTITY = "iPhone Developer";
				COPY_PHASE_STRIP = NO;
				DEBUG_INFORMATION_FORMAT = dwarf;
				ENABLE_STRICT_OBJC_MSGSEND = YES;
				ENABLE_TESTABILITY = YES;
				GCC_C_LANGUAGE_STANDARD = gnu11;
				GCC_DYNAMIC_NO_PIC = NO;
				GCC_NO_COMMON_BLOCKS = YES;
				GCC_OPTIMIZATION_LEVEL = 0;
				GCC_PREPROCESSOR_DEFINITIONS = (
					"DEBUG=1",
					"$(inherited)",
				);
				GCC_WARN_64_TO_32_BIT_CONVERSION = YES;
				GCC_WARN_ABOUT_RETURN_TYPE = YES_ERROR;
				GCC_WARN_UNDECLARED_SELECTOR = YES;
				GCC_WARN_UNINITIALIZED_AUTOS = YES_AGGRESSIVE;
				GCC_WARN_UNUSED_FUNCTION = YES;
				GCC_WARN_UNUSED_VARIABLE = YES;
				IPHONEOS_DEPLOYMENT_TARGET = 12.0;
				MTL_ENABLE_DEBUG_INFO = INCLUDE_SOURCE;
				MTL_FAST_MATH = YES;
				ONLY_ACTIVE_ARCH = YES;
				SDKROOT = iphoneos;
				SWIFT_ACTIVE_COMPILATION_CONDITIONS = DEBUG;
				SWIFT_OPTIMIZATION_LEVEL = "-Onone";
			};
			name = Debug;
		};
		E9FDCF7A218629FC00EBC4EE /* Release */ = {
			isa = XCBuildConfiguration;
			buildSettings = {
				ALWAYS_SEARCH_USER_PATHS = NO;
				CLANG_ANALYZER_NONNULL = YES;
				CLANG_ANALYZER_NUMBER_OBJECT_CONVERSION = YES_AGGRESSIVE;
				CLANG_CXX_LANGUAGE_STANDARD = "gnu++14";
				CLANG_CXX_LIBRARY = "libc++";
				CLANG_ENABLE_MODULES = YES;
				CLANG_ENABLE_OBJC_ARC = YES;
				CLANG_ENABLE_OBJC_WEAK = YES;
				CLANG_WARN_BLOCK_CAPTURE_AUTORELEASING = YES;
				CLANG_WARN_BOOL_CONVERSION = YES;
				CLANG_WARN_COMMA = YES;
				CLANG_WARN_CONSTANT_CONVERSION = YES;
				CLANG_WARN_DEPRECATED_OBJC_IMPLEMENTATIONS = YES;
				CLANG_WARN_DIRECT_OBJC_ISA_USAGE = YES_ERROR;
				CLANG_WARN_DOCUMENTATION_COMMENTS = YES;
				CLANG_WARN_EMPTY_BODY = YES;
				CLANG_WARN_ENUM_CONVERSION = YES;
				CLANG_WARN_INFINITE_RECURSION = YES;
				CLANG_WARN_INT_CONVERSION = YES;
				CLANG_WARN_NON_LITERAL_NULL_CONVERSION = YES;
				CLANG_WARN_OBJC_IMPLICIT_RETAIN_SELF = YES;
				CLANG_WARN_OBJC_LITERAL_CONVERSION = YES;
				CLANG_WARN_OBJC_ROOT_CLASS = YES_ERROR;
				CLANG_WARN_RANGE_LOOP_ANALYSIS = YES;
				CLANG_WARN_STRICT_PROTOTYPES = YES;
				CLANG_WARN_SUSPICIOUS_MOVE = YES;
				CLANG_WARN_UNGUARDED_AVAILABILITY = YES_AGGRESSIVE;
				CLANG_WARN_UNREACHABLE_CODE = YES;
				CLANG_WARN__DUPLICATE_METHOD_MATCH = YES;
				CODE_SIGN_IDENTITY = "iPhone Developer";
				COPY_PHASE_STRIP = NO;
				DEBUG_INFORMATION_FORMAT = "dwarf-with-dsym";
				ENABLE_NS_ASSERTIONS = NO;
				ENABLE_STRICT_OBJC_MSGSEND = YES;
				GCC_C_LANGUAGE_STANDARD = gnu11;
				GCC_NO_COMMON_BLOCKS = YES;
				GCC_WARN_64_TO_32_BIT_CONVERSION = YES;
				GCC_WARN_ABOUT_RETURN_TYPE = YES_ERROR;
				GCC_WARN_UNDECLARED_SELECTOR = YES;
				GCC_WARN_UNINITIALIZED_AUTOS = YES_AGGRESSIVE;
				GCC_WARN_UNUSED_FUNCTION = YES;
				GCC_WARN_UNUSED_VARIABLE = YES;
				IPHONEOS_DEPLOYMENT_TARGET = 12.0;
				MTL_ENABLE_DEBUG_INFO = NO;
				MTL_FAST_MATH = YES;
				SDKROOT = iphoneos;
				SWIFT_COMPILATION_MODE = wholemodule;
				SWIFT_OPTIMIZATION_LEVEL = "-O";
				VALIDATE_PRODUCT = YES;
			};
			name = Release;
		};
		E9FDCF7C218629FC00EBC4EE /* Debug */ = {
			isa = XCBuildConfiguration;
			baseConfigurationReference = A4EABE535D6BD10E96BF92A4 /* Pods-freechat-swift.debug.xcconfig */;
			buildSettings = {
				ALWAYS_EMBED_SWIFT_STANDARD_LIBRARIES = YES;
				ASSETCATALOG_COMPILER_APPICON_NAME = AppIcon;
				CLANG_ADDRESS_SANITIZER_CONTAINER_OVERFLOW = NO;
				CLANG_ENABLE_MODULES = YES;
				CLANG_WARN_CXX0X_EXTENSIONS = NO;
				CODE_SIGN_STYLE = Automatic;
				"GCC_PREPROCESSOR_DEFINITIONS[arch=*]" = "EZY_DEBUG=1";
				INFOPLIST_FILE = "freechat-swift/Info.plist";
				LD_RUNPATH_SEARCH_PATHS = (
					"$(inherited)",
					"@executable_path/Frameworks",
				);
				PRODUCT_BUNDLE_IDENTIFIER = "com.tvd12.hello-swift";
				PRODUCT_NAME = "$(TARGET_NAME)";
				SWIFT_OBJC_BRIDGING_HEADER = "client/ezyfox-client-bridging-header.h";
				SWIFT_OBJC_INTERFACE_HEADER_NAME = "";
				SWIFT_OPTIMIZATION_LEVEL = "-Onone";
				SWIFT_VERSION = 5.0;
				TARGETED_DEVICE_FAMILY = "1,2";
			};
			name = Debug;
		};
		E9FDCF7D218629FC00EBC4EE /* Release */ = {
			isa = XCBuildConfiguration;
			baseConfigurationReference = 6624FB7A2AE941A15D0A1839 /* Pods-freechat-swift.release.xcconfig */;
			buildSettings = {
				ALWAYS_EMBED_SWIFT_STANDARD_LIBRARIES = YES;
				ASSETCATALOG_COMPILER_APPICON_NAME = AppIcon;
				CLANG_ADDRESS_SANITIZER_CONTAINER_OVERFLOW = NO;
				CLANG_ENABLE_MODULES = YES;
				CLANG_WARN_CXX0X_EXTENSIONS = NO;
				CODE_SIGN_STYLE = Automatic;
				INFOPLIST_FILE = "freechat-swift/Info.plist";
				LD_RUNPATH_SEARCH_PATHS = (
					"$(inherited)",
					"@executable_path/Frameworks",
				);
				PRODUCT_BUNDLE_IDENTIFIER = "com.tvd12.hello-swift";
				PRODUCT_NAME = "$(TARGET_NAME)";
				SWIFT_OBJC_BRIDGING_HEADER = "client/ezyfox-client-bridging-header.h";
				SWIFT_OBJC_INTERFACE_HEADER_NAME = "";
				SWIFT_VERSION = 5.0;
				TARGETED_DEVICE_FAMILY = "1,2";
			};
			name = Release;
		};
/* End XCBuildConfiguration section */

/* Begin XCConfigurationList section */
		E9FDCF64218629FA00EBC4EE /* Build configuration list for PBXProject "freechat-swift" */ = {
			isa = XCConfigurationList;
			buildConfigurations = (
				E9FDCF79218629FC00EBC4EE /* Debug */,
				E9FDCF7A218629FC00EBC4EE /* Release */,
			);
			defaultConfigurationIsVisible = 0;
			defaultConfigurationName = Release;
		};
		E9FDCF7B218629FC00EBC4EE /* Build configuration list for PBXNativeTarget "freechat-swift" */ = {
			isa = XCConfigurationList;
			buildConfigurations = (
				E9FDCF7C218629FC00EBC4EE /* Debug */,
				E9FDCF7D218629FC00EBC4EE /* Release */,
			);
			defaultConfigurationIsVisible = 0;
			defaultConfigurationName = Release;
		};
/* End XCConfigurationList section */
	};
	rootObject = E9FDCF61218629FA00EBC4EE /* Project object */;
}
